// !$*UTF8*$!
{
	archiveVersion = 1;
	classes = {
	};
	objectVersion = 48;
	objects = {

/* Begin PBXBuildFile section */
		B72E212E20B1C50B00DBD6FE /* AppDelegate.swift in Sources */ = {isa = PBXBuildFile; fileRef = B72E212D20B1C50B00DBD6FE /* AppDelegate.swift */; };
		B72E213020B1C50B00DBD6FE /* ViewController.swift in Sources */ = {isa = PBXBuildFile; fileRef = B72E212F20B1C50B00DBD6FE /* ViewController.swift */; };
		B72E213320B1C50B00DBD6FE /* Main.storyboard in Resources */ = {isa = PBXBuildFile; fileRef = B72E213120B1C50B00DBD6FE /* Main.storyboard */; };
		B72E213620B1C50B00DBD6FE /* RhythmRoulette.xcdatamodeld in Sources */ = {isa = PBXBuildFile; fileRef = B72E213420B1C50B00DBD6FE /* RhythmRoulette.xcdatamodeld */; };
		B72E213820B1C50B00DBD6FE /* Assets.xcassets in Resources */ = {isa = PBXBuildFile; fileRef = B72E213720B1C50B00DBD6FE /* Assets.xcassets */; };
		B72E213B20B1C50B00DBD6FE /* LaunchScreen.storyboard in Resources */ = {isa = PBXBuildFile; fileRef = B72E213920B1C50B00DBD6FE /* LaunchScreen.storyboard */; };
		B72E214420B1C89D00DBD6FE /* YoutubeManager.swift in Sources */ = {isa = PBXBuildFile; fileRef = B72E214320B1C89D00DBD6FE /* YoutubeManager.swift */; };
		B72E214620B1CB9800DBD6FE /* Util.swift in Sources */ = {isa = PBXBuildFile; fileRef = B72E214520B1CB9800DBD6FE /* Util.swift */; };
		B72E214820B1D1AF00DBD6FE /* DownloadManager.swift in Sources */ = {isa = PBXBuildFile; fileRef = B72E214720B1D1AF00DBD6FE /* DownloadManager.swift */; };
/* End PBXBuildFile section */

/* Begin PBXFileReference section */
		B72E212A20B1C50B00DBD6FE /* RhythmRoulette.app */ = {isa = PBXFileReference; explicitFileType = wrapper.application; includeInIndex = 0; path = RhythmRoulette.app; sourceTree = BUILT_PRODUCTS_DIR; };
		B72E212D20B1C50B00DBD6FE /* AppDelegate.swift */ = {isa = PBXFileReference; lastKnownFileType = sourcecode.swift; path = AppDelegate.swift; sourceTree = "<group>"; };
		B72E212F20B1C50B00DBD6FE /* ViewController.swift */ = {isa = PBXFileReference; lastKnownFileType = sourcecode.swift; path = ViewController.swift; sourceTree = "<group>"; };
		B72E213220B1C50B00DBD6FE /* Base */ = {isa = PBXFileReference; lastKnownFileType = file.storyboard; name = Base; path = Base.lproj/Main.storyboard; sourceTree = "<group>"; };
		B72E213520B1C50B00DBD6FE /* RhythmRoulette.xcdatamodel */ = {isa = PBXFileReference; lastKnownFileType = wrapper.xcdatamodel; path = RhythmRoulette.xcdatamodel; sourceTree = "<group>"; };
		B72E213720B1C50B00DBD6FE /* Assets.xcassets */ = {isa = PBXFileReference; lastKnownFileType = folder.assetcatalog; path = Assets.xcassets; sourceTree = "<group>"; };
		B72E213A20B1C50B00DBD6FE /* Base */ = {isa = PBXFileReference; lastKnownFileType = file.storyboard; name = Base; path = Base.lproj/LaunchScreen.storyboard; sourceTree = "<group>"; };
		B72E213C20B1C50B00DBD6FE /* Info.plist */ = {isa = PBXFileReference; lastKnownFileType = text.plist.xml; path = Info.plist; sourceTree = "<group>"; };
		B72E214320B1C89D00DBD6FE /* YoutubeManager.swift */ = {isa = PBXFileReference; lastKnownFileType = sourcecode.swift; path = YoutubeManager.swift; sourceTree = "<group>"; };
		B72E214520B1CB9800DBD6FE /* Util.swift */ = {isa = PBXFileReference; lastKnownFileType = sourcecode.swift; path = Util.swift; sourceTree = "<group>"; };
		B72E214720B1D1AF00DBD6FE /* DownloadManager.swift */ = {isa = PBXFileReference; lastKnownFileType = sourcecode.swift; path = DownloadManager.swift; sourceTree = "<group>"; };
/* End PBXFileReference section */

/* Begin PBXFrameworksBuildPhase section */
		B72E212720B1C50B00DBD6FE /* Frameworks */ = {
			isa = PBXFrameworksBuildPhase;
			buildActionMask = 2147483647;
			files = (
			);
			runOnlyForDeploymentPostprocessing = 0;
		};
/* End PBXFrameworksBuildPhase section */

/* Begin PBXGroup section */
		B72E212120B1C50B00DBD6FE = {
			isa = PBXGroup;
			children = (
				B72E212C20B1C50B00DBD6FE /* RhythmRoulette */,
				B72E212B20B1C50B00DBD6FE /* Products */,
			);
			sourceTree = "<group>";
		};
		B72E212B20B1C50B00DBD6FE /* Products */ = {
			isa = PBXGroup;
			children = (
				B72E212A20B1C50B00DBD6FE /* RhythmRoulette.app */,
			);
			name = Products;
			sourceTree = "<group>";
		};
		B72E212C20B1C50B00DBD6FE /* RhythmRoulette */ = {
			isa = PBXGroup;
			children = (
				B72E214220B1C88D00DBD6FE /* APIManagers */,
				B72E212D20B1C50B00DBD6FE /* AppDelegate.swift */,
				B72E212F20B1C50B00DBD6FE /* ViewController.swift */,
				B72E213120B1C50B00DBD6FE /* Main.storyboard */,
				B72E213720B1C50B00DBD6FE /* Assets.xcassets */,
				B72E213920B1C50B00DBD6FE /* LaunchScreen.storyboard */,
				B72E213C20B1C50B00DBD6FE /* Info.plist */,
				B72E213420B1C50B00DBD6FE /* RhythmRoulette.xcdatamodeld */,
				B72E214520B1CB9800DBD6FE /* Util.swift */,
			);
			path = RhythmRoulette;
			sourceTree = "<group>";
		};
		B72E214220B1C88D00DBD6FE /* APIManagers */ = {
			isa = PBXGroup;
			children = (
				B72E214320B1C89D00DBD6FE /* YoutubeManager.swift */,
				B72E214720B1D1AF00DBD6FE /* DownloadManager.swift */,
			);
			path = APIManagers;
			sourceTree = "<group>";
		};
/* End PBXGroup section */

/* Begin PBXNativeTarget section */
		B72E212920B1C50B00DBD6FE /* RhythmRoulette */ = {
			isa = PBXNativeTarget;
			buildConfigurationList = B72E213F20B1C50B00DBD6FE /* Build configuration list for PBXNativeTarget "RhythmRoulette" */;
			buildPhases = (
				B72E212620B1C50B00DBD6FE /* Sources */,
				B72E212720B1C50B00DBD6FE /* Frameworks */,
				B72E212820B1C50B00DBD6FE /* Resources */,
			);
			buildRules = (
			);
			dependencies = (
			);
			name = RhythmRoulette;
			productName = RhythmRoulette;
			productReference = B72E212A20B1C50B00DBD6FE /* RhythmRoulette.app */;
			productType = "com.apple.product-type.application";
		};
/* End PBXNativeTarget section */

/* Begin PBXProject section */
		B72E212220B1C50B00DBD6FE /* Project object */ = {
			isa = PBXProject;
			attributes = {
				LastSwiftUpdateCheck = 0920;
				LastUpgradeCheck = 0920;
				ORGANIZATIONNAME = "Sam Lerner";
				TargetAttributes = {
					B72E212920B1C50B00DBD6FE = {
						CreatedOnToolsVersion = 9.2;
						ProvisioningStyle = Automatic;
					};
				};
			};
			buildConfigurationList = B72E212520B1C50B00DBD6FE /* Build configuration list for PBXProject "RhythmRoulette" */;
			compatibilityVersion = "Xcode 8.0";
			developmentRegion = en;
			hasScannedForEncodings = 0;
			knownRegions = (
				en,
				Base,
			);
			mainGroup = B72E212120B1C50B00DBD6FE;
			productRefGroup = B72E212B20B1C50B00DBD6FE /* Products */;
			projectDirPath = "";
			projectRoot = "";
			targets = (
				B72E212920B1C50B00DBD6FE /* RhythmRoulette */,
			);
		};
/* End PBXProject section */

/* Begin PBXResourcesBuildPhase section */
		B72E212820B1C50B00DBD6FE /* Resources */ = {
			isa = PBXResourcesBuildPhase;
			buildActionMask = 2147483647;
			files = (
				B72E213B20B1C50B00DBD6FE /* LaunchScreen.storyboard in Resources */,
				B72E213820B1C50B00DBD6FE /* Assets.xcassets in Resources */,
				B72E213320B1C50B00DBD6FE /* Main.storyboard in Resources */,
			);
			runOnlyForDeploymentPostprocessing = 0;
		};
/* End PBXResourcesBuildPhase section */

/* Begin PBXSourcesBuildPhase section */
		B72E212620B1C50B00DBD6FE /* Sources */ = {
			isa = PBXSourcesBuildPhase;
			buildActionMask = 2147483647;
			files = (
				B72E213020B1C50B00DBD6FE /* ViewController.swift in Sources */,
				B72E214820B1D1AF00DBD6FE /* DownloadManager.swift in Sources */,
				B72E213620B1C50B00DBD6FE /* RhythmRoulette.xcdatamodeld in Sources */,
				B72E214620B1CB9800DBD6FE /* Util.swift in Sources */,
				B72E212E20B1C50B00DBD6FE /* AppDelegate.swift in Sources */,
				B72E214420B1C89D00DBD6FE /* YoutubeManager.swift in Sources */,
			);
			runOnlyForDeploymentPostprocessing = 0;
		};
/* End PBXSourcesBuildPhase section */

/* Begin PBXVariantGroup section */
		B72E213120B1C50B00DBD6FE /* Main.storyboard */ = {
			isa = PBXVariantGroup;
			children = (
				B72E213220B1C50B00DBD6FE /* Base */,
			);
			name = Main.storyboard;
			sourceTree = "<group>";
		};
		B72E213920B1C50B00DBD6FE /* LaunchScreen.storyboard */ = {
			isa = PBXVariantGroup;
			children = (
				B72E213A20B1C50B00DBD6FE /* Base */,
			);
			name = LaunchScreen.storyboard;
			sourceTree = "<group>";
		};
/* End PBXVariantGroup section */

/* Begin XCBuildConfiguration section */
		B72E213D20B1C50B00DBD6FE /* Debug */ = {
			isa = XCBuildConfiguration;
			buildSettings = {
				ALWAYS_SEARCH_USER_PATHS = NO;
				CLANG_ANALYZER_NONNULL = YES;
				CLANG_ANALYZER_NUMBER_OBJECT_CONVERSION = YES_AGGRESSIVE;
				CLANG_CXX_LANGUAGE_STANDARD = "gnu++14";
				CLANG_CXX_LIBRARY = "libc++";
				CLANG_ENABLE_MODULES = YES;
				CLANG_ENABLE_OBJC_ARC = YES;
				CLANG_WARN_BLOCK_CAPTURE_AUTORELEASING = YES;
				CLANG_WARN_BOOL_CONVERSION = YES;
				CLANG_WARN_COMMA = YES;
				CLANG_WARN_CONSTANT_CONVERSION = YES;
				CLANG_WARN_DIRECT_OBJC_ISA_USAGE = YES_ERROR;
				CLANG_WARN_DOCUMENTATION_COMMENTS = YES;
				CLANG_WARN_EMPTY_BODY = YES;
				CLANG_WARN_ENUM_CONVERSION = YES;
				CLANG_WARN_INFINITE_RECURSION = YES;
				CLANG_WARN_INT_CONVERSION = YES;
				CLANG_WARN_NON_LITERAL_NULL_CONVERSION = YES;
				CLANG_WARN_OBJC_LITERAL_CONVERSION = YES;
				CLANG_WARN_OBJC_ROOT_CLASS = YES_ERROR;
				CLANG_WARN_RANGE_LOOP_ANALYSIS = YES;
				CLANG_WARN_STRICT_PROTOTYPES = YES;
				CLANG_WARN_SUSPICIOUS_MOVE = YES;
				CLANG_WARN_UNGUARDED_AVAILABILITY = YES_AGGRESSIVE;
				CLANG_WARN_UNREACHABLE_CODE = YES;
				CLANG_WARN__DUPLICATE_METHOD_MATCH = YES;
				CODE_SIGN_IDENTITY = "iPhone Developer";
				COPY_PHASE_STRIP = NO;
				DEBUG_INFORMATION_FORMAT = dwarf;
				ENABLE_STRICT_OBJC_MSGSEND = YES;
				ENABLE_TESTABILITY = YES;
				GCC_C_LANGUAGE_STANDARD = gnu11;
				GCC_DYNAMIC_NO_PIC = NO;
				GCC_NO_COMMON_BLOCKS = YES;
				GCC_OPTIMIZATION_LEVEL = 0;
				GCC_PREPROCESSOR_DEFINITIONS = (
					"DEBUG=1",
					"$(inherited)",
				);
				GCC_WARN_64_TO_32_BIT_CONVERSION = YES;
				GCC_WARN_ABOUT_RETURN_TYPE = YES_ERROR;
				GCC_WARN_UNDECLARED_SELECTOR = YES;
				GCC_WARN_UNINITIALIZED_AUTOS = YES_AGGRESSIVE;
				GCC_WARN_UNUSED_FUNCTION = YES;
				GCC_WARN_UNUSED_VARIABLE = YES;
				IPHONEOS_DEPLOYMENT_TARGET = 11.2;
				MTL_ENABLE_DEBUG_INFO = YES;
				ONLY_ACTIVE_ARCH = YES;
				SDKROOT = iphoneos;
				SWIFT_ACTIVE_COMPILATION_CONDITIONS = DEBUG;
				SWIFT_OPTIMIZATION_LEVEL = "-Onone";
			};
			name = Debug;
		};
		B72E213E20B1C50B00DBD6FE /* Release */ = {
			isa = XCBuildConfiguration;
			buildSettings = {
				ALWAYS_SEARCH_USER_PATHS = NO;
				CLANG_ANALYZER_NONNULL = YES;
				CLANG_ANALYZER_NUMBER_OBJECT_CONVERSION = YES_AGGRESSIVE;
				CLANG_CXX_LANGUAGE_STANDARD = "gnu++14";
				CLANG_CXX_LIBRARY = "libc++";
				CLANG_ENABLE_MODULES = YES;
				CLANG_ENABLE_OBJC_ARC = YES;
				CLANG_WARN_BLOCK_CAPTURE_AUTORELEASING = YES;
				CLANG_WARN_BOOL_CONVERSION = YES;
				CLANG_WARN_COMMA = YES;
				CLANG_WARN_CONSTANT_CONVERSION = YES;
				CLANG_WARN_DIRECT_OBJC_ISA_USAGE = YES_ERROR;
				CLANG_WARN_DOCUMENTATION_COMMENTS = YES;
				CLANG_WARN_EMPTY_BODY = YES;
				CLANG_WARN_ENUM_CONVERSION = YES;
				CLANG_WARN_INFINITE_RECURSION = YES;
				CLANG_WARN_INT_CONVERSION = YES;
				CLANG_WARN_NON_LITERAL_NULL_CONVERSION = YES;
				CLANG_WARN_OBJC_LITERAL_CONVERSION = YES;
				CLANG_WARN_OBJC_ROOT_CLASS = YES_ERROR;
				CLANG_WARN_RANGE_LOOP_ANALYSIS = YES;
				CLANG_WARN_STRICT_PROTOTYPES = YES;
				CLANG_WARN_SUSPICIOUS_MOVE = YES;
				CLANG_WARN_UNGUARDED_AVAILABILITY = YES_AGGRESSIVE;
				CLANG_WARN_UNREACHABLE_CODE = YES;
				CLANG_WARN__DUPLICATE_METHOD_MATCH = YES;
				CODE_SIGN_IDENTITY = "iPhone Developer";
				COPY_PHASE_STRIP = NO;
				DEBUG_INFORMATION_FORMAT = "dwarf-with-dsym";
				ENABLE_NS_ASSERTIONS = NO;
				ENABLE_STRICT_OBJC_MSGSEND = YES;
				GCC_C_LANGUAGE_STANDARD = gnu11;
				GCC_NO_COMMON_BLOCKS = YES;
				GCC_WARN_64_TO_32_BIT_CONVERSION = YES;
				GCC_WARN_ABOUT_RETURN_TYPE = YES_ERROR;
				GCC_WARN_UNDECLARED_SELECTOR = YES;
				GCC_WARN_UNINITIALIZED_AUTOS = YES_AGGRESSIVE;
				GCC_WARN_UNUSED_FUNCTION = YES;
				GCC_WARN_UNUSED_VARIABLE = YES;
				IPHONEOS_DEPLOYMENT_TARGET = 11.2;
				MTL_ENABLE_DEBUG_INFO = NO;
				SDKROOT = iphoneos;
				SWIFT_OPTIMIZATION_LEVEL = "-Owholemodule";
				VALIDATE_PRODUCT = YES;
			};
			name = Release;
		};
		B72E214020B1C50B00DBD6FE /* Debug */ = {
			isa = XCBuildConfiguration;
			buildSettings = {
				ASSETCATALOG_COMPILER_APPICON_NAME = AppIcon;
				CODE_SIGN_STYLE = Automatic;
				DEVELOPMENT_TEAM = YDG22WTMXW;
				INFOPLIST_FILE = RhythmRoulette/Info.plist;
				LD_RUNPATH_SEARCH_PATHS = "$(inherited) @executable_path/Frameworks";
				PRODUCT_BUNDLE_IDENTIFIER = LernerApps.RhythmRoulette;
				PRODUCT_NAME = "$(TARGET_NAME)";
				SWIFT_VERSION = 4.0;
				TARGETED_DEVICE_FAMILY = "1,2";
			};
			name = Debug;
		};
		B72E214120B1C50B00DBD6FE /* Release */ = {
			isa = XCBuildConfiguration;
			buildSettings = {
				ASSETCATALOG_COMPILER_APPICON_NAME = AppIcon;
				CODE_SIGN_STYLE = Automatic;
				DEVELOPMENT_TEAM = YDG22WTMXW;
				INFOPLIST_FILE = RhythmRoulette/Info.plist;
				LD_RUNPATH_SEARCH_PATHS = "$(inherited) @executable_path/Frameworks";
				PRODUCT_BUNDLE_IDENTIFIER = LernerApps.RhythmRoulette;
				PRODUCT_NAME = "$(TARGET_NAME)";
				SWIFT_VERSION = 4.0;
				TARGETED_DEVICE_FAMILY = "1,2";
			};
			name = Release;
		};
/* End XCBuildConfiguration section */

/* Begin XCConfigurationList section */
		B72E212520B1C50B00DBD6FE /* Build configuration list for PBXProject "RhythmRoulette" */ = {
			isa = XCConfigurationList;
			buildConfigurations = (
				B72E213D20B1C50B00DBD6FE /* Debug */,
				B72E213E20B1C50B00DBD6FE /* Release */,
			);
			defaultConfigurationIsVisible = 0;
			defaultConfigurationName = Release;
		};
		B72E213F20B1C50B00DBD6FE /* Build configuration list for PBXNativeTarget "RhythmRoulette" */ = {
			isa = XCConfigurationList;
			buildConfigurations = (
				B72E214020B1C50B00DBD6FE /* Debug */,
				B72E214120B1C50B00DBD6FE /* Release */,
			);
			defaultConfigurationIsVisible = 0;
			defaultConfigurationName = Release;
		};
/* End XCConfigurationList section */

/* Begin XCVersionGroup section */
		B72E213420B1C50B00DBD6FE /* RhythmRoulette.xcdatamodeld */ = {
			isa = XCVersionGroup;
			children = (
				B72E213520B1C50B00DBD6FE /* RhythmRoulette.xcdatamodel */,
			);
			currentVersion = B72E213520B1C50B00DBD6FE /* RhythmRoulette.xcdatamodel */;
			path = RhythmRoulette.xcdatamodeld;
			sourceTree = "<group>";
			versionGroupType = wrapper.xcdatamodel;
		};
/* End XCVersionGroup section */
	};
	rootObject = B72E212220B1C50B00DBD6FE /* Project object */;
}
